{
  "name": "node-http-server",
  "version": "9.0.0",
  "lockfileVersion": 3,
  "requires": true,
  "packages": {
    "": {
      "name": "node-http-server",
      "version": "9.0.0",
      "license": "MIT",
      "bin": {
        "node-http-server": "bin/nhs.js"
      },
      "engines": {
        "node": ">=22.12.0"
      },
      "funding": {
        "url": "https://github.com/sponsors/RIAEvangelist"
      }
    }
  }
}
